
Microsoft Visual Studio Solution File, Format Version 12.00
# Visual Studio Version 17
VisualStudioVersion = 17.13.35931.197
MinimumVisualStudioVersion = 10.0.40219.1
Project("{FAE04EC0-301F-11D3-BF4B-00C04F79EFBC}") = "OfficeReservation.Model", "OfficeReservation.Model\OfficeReservation.Model.csproj", "{1DB0E805-6BC7-4236-B545-3530C217D5E2}"
EndProject
Global
	GlobalSection(SolutionConfigurationPlatforms) = preSolution
		Debug|Any CPU = Debug|Any CPU
		Release|Any CPU = Release|Any CPU
	EndGlobalSection
	GlobalSection(ProjectConfigurationPlatforms) = postSolution
		{1DB0E805-6BC7-4236-B545-3530C217D5E2}.Debug|Any CPU.ActiveCfg = Debug|Any CPU
		{1DB0E805-6BC7-4236-B545-3530C217D5E2}.Debug|Any CPU.Build.0 = Debug|Any CPU
		{1DB0E805-6BC7-4236-B545-3530C217D5E2}.Release|Any CPU.ActiveCfg = Release|Any CPU
		{1DB0E805-6BC7-4236-B545-3530C217D5E2}.Release|Any CPU.Build.0 = Release|Any CPU
	EndGlobalSection
	GlobalSection(SolutionProperties) = preSolution
		HideSolutionNode = FALSE
	EndGlobalSection
	GlobalSection(ExtensibilityGlobals) = postSolution
		SolutionGuid = {3C13AB11-22DD-430F-9A6E-03C10A44A4F6}
	EndGlobalSection
EndGlobal
